// !$*UTF8*$!
{
	archiveVersion = 1;
	classes = {
	};
	objectVersion = 50;
	objects = {

/* Begin PBXBuildFile section */
		09269C1A228C692000734008 /* CategpryViewController.swift in Sources */ = {isa = PBXBuildFile; fileRef = 09269C19228C692000734008 /* CategpryViewController.swift */; };
		09BDFEE32285DDC0000EA6AB /* AppDelegate.swift in Sources */ = {isa = PBXBuildFile; fileRef = 09BDFEE22285DDC0000EA6AB /* AppDelegate.swift */; };
		09BDFEE52285DDC0000EA6AB /* TodoListViewController.swift in Sources */ = {isa = PBXBuildFile; fileRef = 09BDFEE42285DDC0000EA6AB /* TodoListViewController.swift */; };
		09BDFEE82285DDC0000EA6AB /* Main.storyboard in Resources */ = {isa = PBXBuildFile; fileRef = 09BDFEE62285DDC0000EA6AB /* Main.storyboard */; };
		09BDFEEA2285DDC1000EA6AB /* Assets.xcassets in Resources */ = {isa = PBXBuildFile; fileRef = 09BDFEE92285DDC1000EA6AB /* Assets.xcassets */; };
		09BDFEED2285DDC1000EA6AB /* LaunchScreen.storyboard in Resources */ = {isa = PBXBuildFile; fileRef = 09BDFEEB2285DDC1000EA6AB /* LaunchScreen.storyboard */; };
		09C41B47228F11CB00B74A78 /* Item.swift in Sources */ = {isa = PBXBuildFile; fileRef = 09C41B46228F11CB00B74A78 /* Item.swift */; };
		09C41B49228F11EB00B74A78 /* Category.swift in Sources */ = {isa = PBXBuildFile; fileRef = 09C41B48228F11EB00B74A78 /* Category.swift */; };
		13A5D1998FD060C69375CF21 /* Pods_Todoey.framework in Frameworks */ = {isa = PBXBuildFile; fileRef = E448BA618AD1A5C5509479CE /* Pods_Todoey.framework */; };
/* End PBXBuildFile section */

/* Begin PBXFileReference section */
		09269C19228C692000734008 /* CategpryViewController.swift */ = {isa = PBXFileReference; lastKnownFileType = sourcecode.swift; path = CategpryViewController.swift; sourceTree = "<group>"; };
		09BDFEDF2285DDC0000EA6AB /* Todoey.app */ = {isa = PBXFileReference; explicitFileType = wrapper.application; includeInIndex = 0; path = Todoey.app; sourceTree = BUILT_PRODUCTS_DIR; };
		09BDFEE22285DDC0000EA6AB /* AppDelegate.swift */ = {isa = PBXFileReference; lastKnownFileType = sourcecode.swift; path = AppDelegate.swift; sourceTree = "<group>"; };
		09BDFEE42285DDC0000EA6AB /* TodoListViewController.swift */ = {isa = PBXFileReference; lastKnownFileType = sourcecode.swift; path = TodoListViewController.swift; sourceTree = "<group>"; };
		09BDFEE72285DDC0000EA6AB /* Base */ = {isa = PBXFileReference; lastKnownFileType = file.storyboard; name = Base; path = Base.lproj/Main.storyboard; sourceTree = "<group>"; };
		09BDFEE92285DDC1000EA6AB /* Assets.xcassets */ = {isa = PBXFileReference; lastKnownFileType = folder.assetcatalog; path = Assets.xcassets; sourceTree = "<group>"; };
		09BDFEEC2285DDC1000EA6AB /* Base */ = {isa = PBXFileReference; lastKnownFileType = file.storyboard; name = Base; path = Base.lproj/LaunchScreen.storyboard; sourceTree = "<group>"; };
		09BDFEEE2285DDC1000EA6AB /* Info.plist */ = {isa = PBXFileReference; lastKnownFileType = text.plist.xml; path = Info.plist; sourceTree = "<group>"; };
		09C41B46228F11CB00B74A78 /* Item.swift */ = {isa = PBXFileReference; lastKnownFileType = sourcecode.swift; path = Item.swift; sourceTree = "<group>"; };
		09C41B48228F11EB00B74A78 /* Category.swift */ = {isa = PBXFileReference; lastKnownFileType = sourcecode.swift; path = Category.swift; sourceTree = "<group>"; };
		6258DF5EDE1C25A4869371D5 /* Pods-Todoey.release.xcconfig */ = {isa = PBXFileReference; includeInIndex = 1; lastKnownFileType = text.xcconfig; name = "Pods-Todoey.release.xcconfig"; path = "Target Support Files/Pods-Todoey/Pods-Todoey.release.xcconfig"; sourceTree = "<group>"; };
		E448BA618AD1A5C5509479CE /* Pods_Todoey.framework */ = {isa = PBXFileReference; explicitFileType = wrapper.framework; includeInIndex = 0; path = Pods_Todoey.framework; sourceTree = BUILT_PRODUCTS_DIR; };
		EC487D542C848745D7A1FCB1 /* Pods-Todoey.debug.xcconfig */ = {isa = PBXFileReference; includeInIndex = 1; lastKnownFileType = text.xcconfig; name = "Pods-Todoey.debug.xcconfig"; path = "Target Support Files/Pods-Todoey/Pods-Todoey.debug.xcconfig"; sourceTree = "<group>"; };
/* End PBXFileReference section */

/* Begin PBXFrameworksBuildPhase section */
		09BDFEDC2285DDC0000EA6AB /* Frameworks */ = {
			isa = PBXFrameworksBuildPhase;
			buildActionMask = 2147483647;
			files = (
				13A5D1998FD060C69375CF21 /* Pods_Todoey.framework in Frameworks */,
			);
			runOnlyForDeploymentPostprocessing = 0;
		};
/* End PBXFrameworksBuildPhase section */

/* Begin PBXGroup section */
		09340C6422877D860059D902 /* Supporting Files */ = {
			isa = PBXGroup;
			children = (
				09BDFEE92285DDC1000EA6AB /* Assets.xcassets */,
				09BDFEEB2285DDC1000EA6AB /* LaunchScreen.storyboard */,
			);
			path = "Supporting Files";
			sourceTree = "<group>";
		};
		09340C6522877DD30059D902 /* Views */ = {
			isa = PBXGroup;
			children = (
				09BDFEE62285DDC0000EA6AB /* Main.storyboard */,
			);
			path = Views;
			sourceTree = "<group>";
		};
		09340C6622877DEC0059D902 /* Controllers */ = {
			isa = PBXGroup;
			children = (
				09269C19228C692000734008 /* CategpryViewController.swift */,
				09BDFEE22285DDC0000EA6AB /* AppDelegate.swift */,
				09BDFEE42285DDC0000EA6AB /* TodoListViewController.swift */,
			);
			path = Controllers;
			sourceTree = "<group>";
		};
		09340C6722877E030059D902 /* Data Models */ = {
			isa = PBXGroup;
			children = (
				09C41B48228F11EB00B74A78 /* Category.swift */,
				09C41B46228F11CB00B74A78 /* Item.swift */,
			);
			path = "Data Models";
			sourceTree = "<group>";
		};
		09BDFED62285DDC0000EA6AB = {
			isa = PBXGroup;
			children = (
				09BDFEE12285DDC0000EA6AB /* Todoey */,
				09BDFEE02285DDC0000EA6AB /* Products */,
				BF56CD55E06B880A5A704EA2 /* Pods */,
				FCB13316DB7F5BC3D99942F0 /* Frameworks */,
			);
			sourceTree = "<group>";
		};
		09BDFEE02285DDC0000EA6AB /* Products */ = {
			isa = PBXGroup;
			children = (
				09BDFEDF2285DDC0000EA6AB /* Todoey.app */,
			);
			name = Products;
			sourceTree = "<group>";
		};
		09BDFEE12285DDC0000EA6AB /* Todoey */ = {
			isa = PBXGroup;
			children = (
				09340C6522877DD30059D902 /* Views */,
				09340C6622877DEC0059D902 /* Controllers */,
				09340C6722877E030059D902 /* Data Models */,
				09340C6422877D860059D902 /* Supporting Files */,
				09BDFEEE2285DDC1000EA6AB /* Info.plist */,
			);
			path = Todoey;
			sourceTree = "<group>";
		};
		BF56CD55E06B880A5A704EA2 /* Pods */ = {
			isa = PBXGroup;
			children = (
				EC487D542C848745D7A1FCB1 /* Pods-Todoey.debug.xcconfig */,
				6258DF5EDE1C25A4869371D5 /* Pods-Todoey.release.xcconfig */,
			);
			path = Pods;
			sourceTree = "<group>";
		};
		FCB13316DB7F5BC3D99942F0 /* Frameworks */ = {
			isa = PBXGroup;
			children = (
				E448BA618AD1A5C5509479CE /* Pods_Todoey.framework */,
			);
			name = Frameworks;
			sourceTree = "<group>";
		};
/* End PBXGroup section */

/* Begin PBXNativeTarget section */
		09BDFEDE2285DDC0000EA6AB /* Todoey */ = {
			isa = PBXNativeTarget;
			buildConfigurationList = 09BDFEF12285DDC1000EA6AB /* Build configuration list for PBXNativeTarget "Todoey" */;
			buildPhases = (
				ED76CF55DFA8224F0A4D7A31 /* [CP] Check Pods Manifest.lock */,
				09BDFEDB2285DDC0000EA6AB /* Sources */,
				09BDFEDC2285DDC0000EA6AB /* Frameworks */,
				09BDFEDD2285DDC0000EA6AB /* Resources */,
				4C0EFB4ED83078A7B33A92DF /* [CP] Embed Pods Frameworks */,
			);
			buildRules = (
			);
			dependencies = (
			);
			name = Todoey;
			productName = Todoey;
			productReference = 09BDFEDF2285DDC0000EA6AB /* Todoey.app */;
			productType = "com.apple.product-type.application";
		};
/* End PBXNativeTarget section */

/* Begin PBXProject section */
		09BDFED72285DDC0000EA6AB /* Project object */ = {
			isa = PBXProject;
			attributes = {
				LastSwiftUpdateCheck = 1020;
				LastUpgradeCheck = 1020;
				ORGANIZATIONNAME = "Olivier Goldschmidt";
				TargetAttributes = {
					09BDFEDE2285DDC0000EA6AB = {
						CreatedOnToolsVersion = 10.2.1;
					};
				};
			};
			buildConfigurationList = 09BDFEDA2285DDC0000EA6AB /* Build configuration list for PBXProject "Todoey" */;
			compatibilityVersion = "Xcode 9.3";
			developmentRegion = en;
			hasScannedForEncodings = 0;
			knownRegions = (
				en,
				Base,
			);
			mainGroup = 09BDFED62285DDC0000EA6AB;
			productRefGroup = 09BDFEE02285DDC0000EA6AB /* Products */;
			projectDirPath = "";
			projectRoot = "";
			targets = (
				09BDFEDE2285DDC0000EA6AB /* Todoey */,
			);
		};
/* End PBXProject section */

/* Begin PBXResourcesBuildPhase section */
		09BDFEDD2285DDC0000EA6AB /* Resources */ = {
			isa = PBXResourcesBuildPhase;
			buildActionMask = 2147483647;
			files = (
				09BDFEED2285DDC1000EA6AB /* LaunchScreen.storyboard in Resources */,
				09BDFEEA2285DDC1000EA6AB /* Assets.xcassets in Resources */,
				09BDFEE82285DDC0000EA6AB /* Main.storyboard in Resources */,
			);
			runOnlyForDeploymentPostprocessing = 0;
		};
/* End PBXResourcesBuildPhase section */

/* Begin PBXShellScriptBuildPhase section */
		4C0EFB4ED83078A7B33A92DF /* [CP] Embed Pods Frameworks */ = {
			isa = PBXShellScriptBuildPhase;
			buildActionMask = 2147483647;
			files = (
			);
			inputFileListPaths = (
			);
			inputPaths = (
				"${PODS_ROOT}/Target Support Files/Pods-Todoey/Pods-Todoey-frameworks.sh",
				"${BUILT_PRODUCTS_DIR}/Realm/Realm.framework",
				"${BUILT_PRODUCTS_DIR}/RealmSwift/RealmSwift.framework",
			);
			name = "[CP] Embed Pods Frameworks";
			outputFileListPaths = (
			);
			outputPaths = (
				"${TARGET_BUILD_DIR}/${FRAMEWORKS_FOLDER_PATH}/Realm.framework",
				"${TARGET_BUILD_DIR}/${FRAMEWORKS_FOLDER_PATH}/RealmSwift.framework",
			);
			runOnlyForDeploymentPostprocessing = 0;
			shellPath = /bin/sh;
			shellScript = "\"${PODS_ROOT}/Target Support Files/Pods-Todoey/Pods-Todoey-frameworks.sh\"\n";
			showEnvVarsInLog = 0;
		};
		ED76CF55DFA8224F0A4D7A31 /* [CP] Check Pods Manifest.lock */ = {
			isa = PBXShellScriptBuildPhase;
			buildActionMask = 2147483647;
			files = (
			);
			inputFileListPaths = (
			);
			inputPaths = (
				"${PODS_PODFILE_DIR_PATH}/Podfile.lock",
				"${PODS_ROOT}/Manifest.lock",
			);
			name = "[CP] Check Pods Manifest.lock";
			outputFileListPaths = (
			);
			outputPaths = (
				"$(DERIVED_FILE_DIR)/Pods-Todoey-checkManifestLockResult.txt",
			);
			runOnlyForDeploymentPostprocessing = 0;
			shellPath = /bin/sh;
			shellScript = "diff \"${PODS_PODFILE_DIR_PATH}/Podfile.lock\" \"${PODS_ROOT}/Manifest.lock\" > /dev/null\nif [ $? != 0 ] ; then\n    # print error to STDERR\n    echo \"error: The sandbox is not in sync with the Podfile.lock. Run 'pod install' or update your CocoaPods installation.\" >&2\n    exit 1\nfi\n# This output is used by Xcode 'outputs' to avoid re-running this script phase.\necho \"SUCCESS\" > \"${SCRIPT_OUTPUT_FILE_0}\"\n";
			showEnvVarsInLog = 0;
		};
/* End PBXShellScriptBuildPhase section */

/* Begin PBXSourcesBuildPhase section */
		09BDFEDB2285DDC0000EA6AB /* Sources */ = {
			isa = PBXSourcesBuildPhase;
			buildActionMask = 2147483647;
			files = (
				09C41B47228F11CB00B74A78 /* Item.swift in Sources */,
				09BDFEE52285DDC0000EA6AB /* TodoListViewController.swift in Sources */,
				09269C1A228C692000734008 /* CategpryViewController.swift in Sources */,
				09BDFEE32285DDC0000EA6AB /* AppDelegate.swift in Sources */,
				09C41B49228F11EB00B74A78 /* Category.swift in Sources */,
			);
			runOnlyForDeploymentPostprocessing = 0;
		};
/* End PBXSourcesBuildPhase section */

/* Begin PBXVariantGroup section */
		09BDFEE62285DDC0000EA6AB /* Main.storyboard */ = {
			isa = PBXVariantGroup;
			children = (
				09BDFEE72285DDC0000EA6AB /* Base */,
			);
			name = Main.storyboard;
			sourceTree = "<group>";
		};
		09BDFEEB2285DDC1000EA6AB /* LaunchScreen.storyboard */ = {
			isa = PBXVariantGroup;
			children = (
				09BDFEEC2285DDC1000EA6AB /* Base */,
			);
			name = LaunchScreen.storyboard;
			sourceTree = "<group>";
		};
/* End PBXVariantGroup section */

/* Begin XCBuildConfiguration section */
		09BDFEEF2285DDC1000EA6AB /* Debug */ = {
			isa = XCBuildConfiguration;
			buildSettings = {
				ALWAYS_SEARCH_USER_PATHS = NO;
				CLANG_ANALYZER_NONNULL = YES;
				CLANG_ANALYZER_NUMBER_OBJECT_CONVERSION = YES_AGGRESSIVE;
				CLANG_CXX_LANGUAGE_STANDARD = "gnu++14";
				CLANG_CXX_LIBRARY = "libc++";
				CLANG_ENABLE_MODULES = YES;
				CLANG_ENABLE_OBJC_ARC = YES;
				CLANG_ENABLE_OBJC_WEAK = YES;
				CLANG_WARN_BLOCK_CAPTURE_AUTORELEASING = YES;
				CLANG_WARN_BOOL_CONVERSION = YES;
				CLANG_WARN_COMMA = YES;
				CLANG_WARN_CONSTANT_CONVERSION = YES;
				CLANG_WARN_DEPRECATED_OBJC_IMPLEMENTATIONS = YES;
				CLANG_WARN_DIRECT_OBJC_ISA_USAGE = YES_ERROR;
				CLANG_WARN_DOCUMENTATION_COMMENTS = YES;
				CLANG_WARN_EMPTY_BODY = YES;
				CLANG_WARN_ENUM_CONVERSION = YES;
				CLANG_WARN_INFINITE_RECURSION = YES;
				CLANG_WARN_INT_CONVERSION = YES;
				CLANG_WARN_NON_LITERAL_NULL_CONVERSION = YES;
				CLANG_WARN_OBJC_IMPLICIT_RETAIN_SELF = YES;
				CLANG_WARN_OBJC_LITERAL_CONVERSION = YES;
				CLANG_WARN_OBJC_ROOT_CLASS = YES_ERROR;
				CLANG_WARN_RANGE_LOOP_ANALYSIS = YES;
				CLANG_WARN_STRICT_PROTOTYPES = YES;
				CLANG_WARN_SUSPICIOUS_MOVE = YES;
				CLANG_WARN_UNGUARDED_AVAILABILITY = YES_AGGRESSIVE;
				CLANG_WARN_UNREACHABLE_CODE = YES;
				CLANG_WARN__DUPLICATE_METHOD_MATCH = YES;
				CODE_SIGN_IDENTITY = "iPhone Developer";
				COPY_PHASE_STRIP = NO;
				DEBUG_INFORMATION_FORMAT = dwarf;
				ENABLE_STRICT_OBJC_MSGSEND = YES;
				ENABLE_TESTABILITY = YES;
				GCC_C_LANGUAGE_STANDARD = gnu11;
				GCC_DYNAMIC_NO_PIC = NO;
				GCC_NO_COMMON_BLOCKS = YES;
				GCC_OPTIMIZATION_LEVEL = 0;
				GCC_PREPROCESSOR_DEFINITIONS = (
					"DEBUG=1",
					"$(inherited)",
				);
				GCC_WARN_64_TO_32_BIT_CONVERSION = YES;
				GCC_WARN_ABOUT_RETURN_TYPE = YES_ERROR;
				GCC_WARN_UNDECLARED_SELECTOR = YES;
				GCC_WARN_UNINITIALIZED_AUTOS = YES_AGGRESSIVE;
				GCC_WARN_UNUSED_FUNCTION = YES;
				GCC_WARN_UNUSED_VARIABLE = YES;
				IPHONEOS_DEPLOYMENT_TARGET = 12.2;
				MTL_ENABLE_DEBUG_INFO = INCLUDE_SOURCE;
				MTL_FAST_MATH = YES;
				ONLY_ACTIVE_ARCH = YES;
				SDKROOT = iphoneos;
				SWIFT_ACTIVE_COMPILATION_CONDITIONS = DEBUG;
				SWIFT_OPTIMIZATION_LEVEL = "-Onone";
			};
			name = Debug;
		};
		09BDFEF02285DDC1000EA6AB /* Release */ = {
			isa = XCBuildConfiguration;
			buildSettings = {
				ALWAYS_SEARCH_USER_PATHS = NO;
				CLANG_ANALYZER_NONNULL = YES;
				CLANG_ANALYZER_NUMBER_OBJECT_CONVERSION = YES_AGGRESSIVE;
				CLANG_CXX_LANGUAGE_STANDARD = "gnu++14";
				CLANG_CXX_LIBRARY = "libc++";
				CLANG_ENABLE_MODULES = YES;
				CLANG_ENABLE_OBJC_ARC = YES;
				CLANG_ENABLE_OBJC_WEAK = YES;
				CLANG_WARN_BLOCK_CAPTURE_AUTORELEASING = YES;
				CLANG_WARN_BOOL_CONVERSION = YES;
				CLANG_WARN_COMMA = YES;
				CLANG_WARN_CONSTANT_CONVERSION = YES;
				CLANG_WARN_DEPRECATED_OBJC_IMPLEMENTATIONS = YES;
				CLANG_WARN_DIRECT_OBJC_ISA_USAGE = YES_ERROR;
				CLANG_WARN_DOCUMENTATION_COMMENTS = YES;
				CLANG_WARN_EMPTY_BODY = YES;
				CLANG_WARN_ENUM_CONVERSION = YES;
				CLANG_WARN_INFINITE_RECURSION = YES;
				CLANG_WARN_INT_CONVERSION = YES;
				CLANG_WARN_NON_LITERAL_NULL_CONVERSION = YES;
				CLANG_WARN_OBJC_IMPLICIT_RETAIN_SELF = YES;
				CLANG_WARN_OBJC_LITERAL_CONVERSION = YES;
				CLANG_WARN_OBJC_ROOT_CLASS = YES_ERROR;
				CLANG_WARN_RANGE_LOOP_ANALYSIS = YES;
				CLANG_WARN_STRICT_PROTOTYPES = YES;
				CLANG_WARN_SUSPICIOUS_MOVE = YES;
				CLANG_WARN_UNGUARDED_AVAILABILITY = YES_AGGRESSIVE;
				CLANG_WARN_UNREACHABLE_CODE = YES;
				CLANG_WARN__DUPLICATE_METHOD_MATCH = YES;
				CODE_SIGN_IDENTITY = "iPhone Developer";
				COPY_PHASE_STRIP = NO;
				DEBUG_INFORMATION_FORMAT = "dwarf-with-dsym";
				ENABLE_NS_ASSERTIONS = NO;
				ENABLE_STRICT_OBJC_MSGSEND = YES;
				GCC_C_LANGUAGE_STANDARD = gnu11;
				GCC_NO_COMMON_BLOCKS = YES;
				GCC_WARN_64_TO_32_BIT_CONVERSION = YES;
				GCC_WARN_ABOUT_RETURN_TYPE = YES_ERROR;
				GCC_WARN_UNDECLARED_SELECTOR = YES;
				GCC_WARN_UNINITIALIZED_AUTOS = YES_AGGRESSIVE;
				GCC_WARN_UNUSED_FUNCTION = YES;
				GCC_WARN_UNUSED_VARIABLE = YES;
				IPHONEOS_DEPLOYMENT_TARGET = 12.2;
				MTL_ENABLE_DEBUG_INFO = NO;
				MTL_FAST_MATH = YES;
				SDKROOT = iphoneos;
				SWIFT_COMPILATION_MODE = wholemodule;
				SWIFT_OPTIMIZATION_LEVEL = "-O";
				VALIDATE_PRODUCT = YES;
			};
			name = Release;
		};
		09BDFEF22285DDC1000EA6AB /* Debug */ = {
			isa = XCBuildConfiguration;
			baseConfigurationReference = EC487D542C848745D7A1FCB1 /* Pods-Todoey.debug.xcconfig */;
			buildSettings = {
				ASSETCATALOG_COMPILER_APPICON_NAME = AppIcon;
				CODE_SIGN_STYLE = Automatic;
				DEVELOPMENT_TEAM = 5C5LVV79Q5;
				INFOPLIST_FILE = Todoey/Info.plist;
				LD_RUNPATH_SEARCH_PATHS = (
					"$(inherited)",
					"@executable_path/Frameworks",
				);
				PRODUCT_BUNDLE_IDENTIFIER = com.oligold.Todoey;
				PRODUCT_NAME = "$(TARGET_NAME)";
				SWIFT_VERSION = 5.0;
				TARGETED_DEVICE_FAMILY = "1,2";
			};
			name = Debug;
		};
		09BDFEF32285DDC1000EA6AB /* Release */ = {
			isa = XCBuildConfiguration;
			baseConfigurationReference = 6258DF5EDE1C25A4869371D5 /* Pods-Todoey.release.xcconfig */;
			buildSettings = {
				ASSETCATALOG_COMPILER_APPICON_NAME = AppIcon;
				CODE_SIGN_STYLE = Automatic;
				DEVELOPMENT_TEAM = 5C5LVV79Q5;
				INFOPLIST_FILE = Todoey/Info.plist;
				LD_RUNPATH_SEARCH_PATHS = (
					"$(inherited)",
					"@executable_path/Frameworks",
				);
				PRODUCT_BUNDLE_IDENTIFIER = com.oligold.Todoey;
				PRODUCT_NAME = "$(TARGET_NAME)";
				SWIFT_VERSION = 5.0;
				TARGETED_DEVICE_FAMILY = "1,2";
			};
			name = Release;
		};
/* End XCBuildConfiguration section */

/* Begin XCConfigurationList section */
		09BDFEDA2285DDC0000EA6AB /* Build configuration list for PBXProject "Todoey" */ = {
			isa = XCConfigurationList;
			buildConfigurations = (
				09BDFEEF2285DDC1000EA6AB /* Debug */,
				09BDFEF02285DDC1000EA6AB /* Release */,
			);
			defaultConfigurationIsVisible = 0;
			defaultConfigurationName = Release;
		};
		09BDFEF12285DDC1000EA6AB /* Build configuration list for PBXNativeTarget "Todoey" */ = {
			isa = XCConfigurationList;
			buildConfigurations = (
				09BDFEF22285DDC1000EA6AB /* Debug */,
				09BDFEF32285DDC1000EA6AB /* Release */,
			);
			defaultConfigurationIsVisible = 0;
			defaultConfigurationName = Release;
		};
/* End XCConfigurationList section */
	};
	rootObject = 09BDFED72285DDC0000EA6AB /* Project object */;
}
